<?xml version="1.0" encoding="UTF-8" standalone="yes" ?>
<CodeBlocks_project_file>
	<FileVersion major="1" minor="6" />
	<Project>
		<Option title="xv_11_laser_driver" />
		<Option pch_mode="2" />
		<Option compiler="null" />
		<Build>
			<Target title="Debug">
				<Option output="bin/Debug/xv_11_laser_driver" prefix_auto="1" extension_auto="1" />
				<Option object_output="obj/Debug/" />
				<Option type="1" />
				<Option compiler="null" />
			</Target>
			<Target title="Release">
				<Option output="bin/Release/xv_11_laser_driver" prefix_auto="1" extension_auto="1" />
				<Option object_output="obj/Release/" />
				<Option type="1" />
				<Option compiler="null" />
			</Target>
		</Build>
		<Unit filename="../src/neato_laser_publisher.cpp" />
		<Unit filename="../src/xv11_laser.cpp" />
		<Extensions>
			<code_completion />
			<debugger />
		</Extensions>
	</Project>
</CodeBlocks_project_file>
